
Microsoft Visual Studio Solution File, Format Version 12.00
# Visual Studio Version 17
VisualStudioVersion = 17.3.32825.248
MinimumVisualStudioVersion = 10.0.40219.1
Project("{9A19103F-16F7-4668-BE54-9A1E7A4F7556}") = "CompanyBlazor5.Server", "CompanyBlazor5\Server\CompanyBlazor5.Server.csproj", "{F2D0755D-450C-4499-ADDA-CDB59D6DBADA}"
EndProject
Project("{9A19103F-16F7-4668-BE54-9A1E7A4F7556}") = "CompanyBlazor5.Client", "CompanyBlazor5\Client\CompanyBlazor5.Client.csproj", "{274F4763-49DE-4D52-BD2B-ADAF400CBD12}"
EndProject
Project("{9A19103F-16F7-4668-BE54-9A1E7A4F7556}") = "CompanyBlazor5.Shared", "CompanyBlazor5\Shared\CompanyBlazor5.Shared.csproj", "{4CF9F15F-5FA7-4ED3-9F33-135F62B52E95}"
EndProject
Global
	GlobalSection(SolutionConfigurationPlatforms) = preSolution
		Debug|Any CPU = Debug|Any CPU
		Release|Any CPU = Release|Any CPU
	EndGlobalSection
	GlobalSection(ProjectConfigurationPlatforms) = postSolution
		{F2D0755D-450C-4499-ADDA-CDB59D6DBADA}.Debug|Any CPU.ActiveCfg = Debug|Any CPU
		{F2D0755D-450C-4499-ADDA-CDB59D6DBADA}.Debug|Any CPU.Build.0 = Debug|Any CPU
		{F2D0755D-450C-4499-ADDA-CDB59D6DBADA}.Release|Any CPU.ActiveCfg = Release|Any CPU
		{F2D0755D-450C-4499-ADDA-CDB59D6DBADA}.Release|Any CPU.Build.0 = Release|Any CPU
		{274F4763-49DE-4D52-BD2B-ADAF400CBD12}.Debug|Any CPU.ActiveCfg = Debug|Any CPU
		{274F4763-49DE-4D52-BD2B-ADAF400CBD12}.Debug|Any CPU.Build.0 = Debug|Any CPU
		{274F4763-49DE-4D52-BD2B-ADAF400CBD12}.Release|Any CPU.ActiveCfg = Release|Any CPU
		{274F4763-49DE-4D52-BD2B-ADAF400CBD12}.Release|Any CPU.Build.0 = Release|Any CPU
		{4CF9F15F-5FA7-4ED3-9F33-135F62B52E95}.Debug|Any CPU.ActiveCfg = Debug|Any CPU
		{4CF9F15F-5FA7-4ED3-9F33-135F62B52E95}.Debug|Any CPU.Build.0 = Debug|Any CPU
		{4CF9F15F-5FA7-4ED3-9F33-135F62B52E95}.Release|Any CPU.ActiveCfg = Release|Any CPU
		{4CF9F15F-5FA7-4ED3-9F33-135F62B52E95}.Release|Any CPU.Build.0 = Release|Any CPU
	EndGlobalSection
	GlobalSection(SolutionProperties) = preSolution
		HideSolutionNode = FALSE
	EndGlobalSection
	GlobalSection(ExtensibilityGlobals) = postSolution
		SolutionGuid = {E0D96502-0FAD-42D6-B8B6-C3C0788FCC73}
	EndGlobalSection
EndGlobal
